
Microsoft Visual Studio Solution File, Format Version 12.00
# Visual Studio Version 17
VisualStudioVersion = 17.4.33403.182
MinimumVisualStudioVersion = 10.0.40219.1
Project("{FAE04EC0-301F-11D3-BF4B-00C04F79EFBC}") = "SkillSet", "SkillSet\SkillSet.csproj", "{7B1D609C-E7B5-412B-811D-A09DBFBAE05D}"
EndProject
Global
	GlobalSection(SolutionConfigurationPlatforms) = preSolution
		Debug|Any CPU = Debug|Any CPU
		Release|Any CPU = Release|Any CPU
	EndGlobalSection
	GlobalSection(ProjectConfigurationPlatforms) = postSolution
		{7B1D609C-E7B5-412B-811D-A09DBFBAE05D}.Debug|Any CPU.ActiveCfg = Debug|Any CPU
		{7B1D609C-E7B5-412B-811D-A09DBFBAE05D}.Debug|Any CPU.Build.0 = Debug|Any CPU
		{7B1D609C-E7B5-412B-811D-A09DBFBAE05D}.Release|Any CPU.ActiveCfg = Release|Any CPU
		{7B1D609C-E7B5-412B-811D-A09DBFBAE05D}.Release|Any CPU.Build.0 = Release|Any CPU
	EndGlobalSection
	GlobalSection(SolutionProperties) = preSolution
		HideSolutionNode = FALSE
	EndGlobalSection
	GlobalSection(ExtensibilityGlobals) = postSolution
		SolutionGuid = {D6A61D6D-A89F-412E-8755-9FADDD697E41}
	EndGlobalSection
EndGlobal
